
Microsoft Visual Studio Solution File, Format Version 12.00
# Visual Studio Version 16
VisualStudioVersion = 16.0.31424.327
MinimumVisualStudioVersion = 10.0.40219.1
Project("{FAE04EC0-301F-11D3-BF4B-00C04F79EFBC}") = "ChiffresEtLettres", "ChiffresEtLettres\ChiffresEtLettres.csproj", "{9EC14BC1-1759-45EC-8B17-1FC3538414E8}"
EndProject
Global
	GlobalSection(SolutionConfigurationPlatforms) = preSolution
		Debug|Any CPU = Debug|Any CPU
		Release|Any CPU = Release|Any CPU
	EndGlobalSection
	GlobalSection(ProjectConfigurationPlatforms) = postSolution
		{9EC14BC1-1759-45EC-8B17-1FC3538414E8}.Debug|Any CPU.ActiveCfg = Debug|Any CPU
		{9EC14BC1-1759-45EC-8B17-1FC3538414E8}.Debug|Any CPU.Build.0 = Debug|Any CPU
		{9EC14BC1-1759-45EC-8B17-1FC3538414E8}.Release|Any CPU.ActiveCfg = Release|Any CPU
		{9EC14BC1-1759-45EC-8B17-1FC3538414E8}.Release|Any CPU.Build.0 = Release|Any CPU
	EndGlobalSection
	GlobalSection(SolutionProperties) = preSolution
		HideSolutionNode = FALSE
	EndGlobalSection
	GlobalSection(ExtensibilityGlobals) = postSolution
		SolutionGuid = {E15D8CB9-788A-4C02-9261-91A2503DAF2A}
	EndGlobalSection
EndGlobal
